// !$*UTF8*$!
{
	archiveVersion = 1;
	classes = {
	};
	objectVersion = 48;
	objects = {

/* Begin PBXBuildFile section */
		444F540E1FCD4CF30057E6C7 /* AppDelegate.swift in Sources */ = {isa = PBXBuildFile; fileRef = 444F540D1FCD4CF30057E6C7 /* AppDelegate.swift */; };
		444F54101FCD4CF30057E6C7 /* ViewController.swift in Sources */ = {isa = PBXBuildFile; fileRef = 444F540F1FCD4CF30057E6C7 /* ViewController.swift */; };
		444F54131FCD4CF30057E6C7 /* Main.storyboard in Resources */ = {isa = PBXBuildFile; fileRef = 444F54111FCD4CF30057E6C7 /* Main.storyboard */; };
		444F54151FCD4CF30057E6C7 /* Assets.xcassets in Resources */ = {isa = PBXBuildFile; fileRef = 444F54141FCD4CF30057E6C7 /* Assets.xcassets */; };
		444F54181FCD4CF30057E6C7 /* LaunchScreen.storyboard in Resources */ = {isa = PBXBuildFile; fileRef = 444F54161FCD4CF30057E6C7 /* LaunchScreen.storyboard */; };
		447B92751FCD5D5400CBB18F /* StartScreen.swift in Sources */ = {isa = PBXBuildFile; fileRef = 447B92741FCD5D5400CBB18F /* StartScreen.swift */; };
		447B92771FCD5E0E00CBB18F /* TasksListTableControllert.swift in Sources */ = {isa = PBXBuildFile; fileRef = 447B92761FCD5E0E00CBB18F /* TasksListTableControllert.swift */; };
		447B92791FCD5E6500CBB18F /* TasksDetailsController.swift in Sources */ = {isa = PBXBuildFile; fileRef = 447B92781FCD5E6500CBB18F /* TasksDetailsController.swift */; };
/* End PBXBuildFile section */

/* Begin PBXFileReference section */
		444F540A1FCD4CF30057E6C7 /* ToDoList.app */ = {isa = PBXFileReference; explicitFileType = wrapper.application; includeInIndex = 0; path = ToDoList.app; sourceTree = BUILT_PRODUCTS_DIR; };
		444F540D1FCD4CF30057E6C7 /* AppDelegate.swift */ = {isa = PBXFileReference; lastKnownFileType = sourcecode.swift; path = AppDelegate.swift; sourceTree = "<group>"; };
		444F540F1FCD4CF30057E6C7 /* ViewController.swift */ = {isa = PBXFileReference; lastKnownFileType = sourcecode.swift; path = ViewController.swift; sourceTree = "<group>"; };
		444F54121FCD4CF30057E6C7 /* Base */ = {isa = PBXFileReference; lastKnownFileType = file.storyboard; name = Base; path = Base.lproj/Main.storyboard; sourceTree = "<group>"; };
		444F54141FCD4CF30057E6C7 /* Assets.xcassets */ = {isa = PBXFileReference; lastKnownFileType = folder.assetcatalog; path = Assets.xcassets; sourceTree = "<group>"; };
		444F54171FCD4CF30057E6C7 /* Base */ = {isa = PBXFileReference; lastKnownFileType = file.storyboard; name = Base; path = Base.lproj/LaunchScreen.storyboard; sourceTree = "<group>"; };
		444F54191FCD4CF30057E6C7 /* Info.plist */ = {isa = PBXFileReference; lastKnownFileType = text.plist.xml; path = Info.plist; sourceTree = "<group>"; };
		447B92741FCD5D5400CBB18F /* StartScreen.swift */ = {isa = PBXFileReference; lastKnownFileType = sourcecode.swift; path = StartScreen.swift; sourceTree = "<group>"; };
		447B92761FCD5E0E00CBB18F /* TasksListTableControllert.swift */ = {isa = PBXFileReference; lastKnownFileType = sourcecode.swift; path = TasksListTableControllert.swift; sourceTree = "<group>"; };
		447B92781FCD5E6500CBB18F /* TasksDetailsController.swift */ = {isa = PBXFileReference; lastKnownFileType = sourcecode.swift; path = TasksDetailsController.swift; sourceTree = "<group>"; };
/* End PBXFileReference section */

/* Begin PBXFrameworksBuildPhase section */
		444F54071FCD4CF30057E6C7 /* Frameworks */ = {
			isa = PBXFrameworksBuildPhase;
			buildActionMask = 2147483647;
			files = (
			);
			runOnlyForDeploymentPostprocessing = 0;
		};
/* End PBXFrameworksBuildPhase section */

/* Begin PBXGroup section */
		444F54011FCD4CF30057E6C7 = {
			isa = PBXGroup;
			children = (
				444F540C1FCD4CF30057E6C7 /* ToDoList */,
				444F540B1FCD4CF30057E6C7 /* Products */,
			);
			sourceTree = "<group>";
		};
		444F540B1FCD4CF30057E6C7 /* Products */ = {
			isa = PBXGroup;
			children = (
				444F540A1FCD4CF30057E6C7 /* ToDoList.app */,
			);
			name = Products;
			sourceTree = "<group>";
		};
		444F540C1FCD4CF30057E6C7 /* ToDoList */ = {
			isa = PBXGroup;
			children = (
				444F540D1FCD4CF30057E6C7 /* AppDelegate.swift */,
				444F540F1FCD4CF30057E6C7 /* ViewController.swift */,
				444F54111FCD4CF30057E6C7 /* Main.storyboard */,
				447B92781FCD5E6500CBB18F /* TasksDetailsController.swift */,
				447B92761FCD5E0E00CBB18F /* TasksListTableControllert.swift */,
				447B92741FCD5D5400CBB18F /* StartScreen.swift */,
				444F54141FCD4CF30057E6C7 /* Assets.xcassets */,
				444F54161FCD4CF30057E6C7 /* LaunchScreen.storyboard */,
				444F54191FCD4CF30057E6C7 /* Info.plist */,
			);
			path = ToDoList;
			sourceTree = "<group>";
		};
/* End PBXGroup section */

/* Begin PBXNativeTarget section */
		444F54091FCD4CF30057E6C7 /* ToDoList */ = {
			isa = PBXNativeTarget;
			buildConfigurationList = 444F541C1FCD4CF30057E6C7 /* Build configuration list for PBXNativeTarget "ToDoList" */;
			buildPhases = (
				444F54061FCD4CF30057E6C7 /* Sources */,
				444F54071FCD4CF30057E6C7 /* Frameworks */,
				444F54081FCD4CF30057E6C7 /* Resources */,
			);
			buildRules = (
			);
			dependencies = (
			);
			name = ToDoList;
			productName = ToDoList;
			productReference = 444F540A1FCD4CF30057E6C7 /* ToDoList.app */;
			productType = "com.apple.product-type.application";
		};
/* End PBXNativeTarget section */

/* Begin PBXProject section */
		444F54021FCD4CF30057E6C7 /* Project object */ = {
			isa = PBXProject;
			attributes = {
				LastSwiftUpdateCheck = 0910;
				LastUpgradeCheck = 0910;
				ORGANIZATIONNAME = Ruslan;
				TargetAttributes = {
					444F54091FCD4CF30057E6C7 = {
						CreatedOnToolsVersion = 9.1;
						ProvisioningStyle = Automatic;
					};
				};
			};
			buildConfigurationList = 444F54051FCD4CF30057E6C7 /* Build configuration list for PBXProject "ToDoList" */;
			compatibilityVersion = "Xcode 8.0";
			developmentRegion = en;
			hasScannedForEncodings = 0;
			knownRegions = (
				en,
				Base,
			);
			mainGroup = 444F54011FCD4CF30057E6C7;
			productRefGroup = 444F540B1FCD4CF30057E6C7 /* Products */;
			projectDirPath = "";
			projectRoot = "";
			targets = (
				444F54091FCD4CF30057E6C7 /* ToDoList */,
			);
		};
/* End PBXProject section */

/* Begin PBXResourcesBuildPhase section */
		444F54081FCD4CF30057E6C7 /* Resources */ = {
			isa = PBXResourcesBuildPhase;
			buildActionMask = 2147483647;
			files = (
				444F54181FCD4CF30057E6C7 /* LaunchScreen.storyboard in Resources */,
				444F54151FCD4CF30057E6C7 /* Assets.xcassets in Resources */,
				444F54131FCD4CF30057E6C7 /* Main.storyboard in Resources */,
			);
			runOnlyForDeploymentPostprocessing = 0;
		};
/* End PBXResourcesBuildPhase section */

/* Begin PBXSourcesBuildPhase section */
		444F54061FCD4CF30057E6C7 /* Sources */ = {
			isa = PBXSourcesBuildPhase;
			buildActionMask = 2147483647;
			files = (
				447B92791FCD5E6500CBB18F /* TasksDetailsController.swift in Sources */,
				447B92771FCD5E0E00CBB18F /* TasksListTableControllert.swift in Sources */,
				444F54101FCD4CF30057E6C7 /* ViewController.swift in Sources */,
				444F540E1FCD4CF30057E6C7 /* AppDelegate.swift in Sources */,
				447B92751FCD5D5400CBB18F /* StartScreen.swift in Sources */,
			);
			runOnlyForDeploymentPostprocessing = 0;
		};
/* End PBXSourcesBuildPhase section */

/* Begin PBXVariantGroup section */
		444F54111FCD4CF30057E6C7 /* Main.storyboard */ = {
			isa = PBXVariantGroup;
			children = (
				444F54121FCD4CF30057E6C7 /* Base */,
			);
			name = Main.storyboard;
			sourceTree = "<group>";
		};
		444F54161FCD4CF30057E6C7 /* LaunchScreen.storyboard */ = {
			isa = PBXVariantGroup;
			children = (
				444F54171FCD4CF30057E6C7 /* Base */,
			);
			name = LaunchScreen.storyboard;
			sourceTree = "<group>";
		};
/* End PBXVariantGroup section */

/* Begin XCBuildConfiguration section */
		444F541A1FCD4CF30057E6C7 /* Debug */ = {
			isa = XCBuildConfiguration;
			buildSettings = {
				ALWAYS_SEARCH_USER_PATHS = NO;
				CLANG_ANALYZER_NONNULL = YES;
				CLANG_ANALYZER_NUMBER_OBJECT_CONVERSION = YES_AGGRESSIVE;
				CLANG_CXX_LANGUAGE_STANDARD = "gnu++14";
				CLANG_CXX_LIBRARY = "libc++";
				CLANG_ENABLE_MODULES = YES;
				CLANG_ENABLE_OBJC_ARC = YES;
				CLANG_WARN_BLOCK_CAPTURE_AUTORELEASING = YES;
				CLANG_WARN_BOOL_CONVERSION = YES;
				CLANG_WARN_COMMA = YES;
				CLANG_WARN_CONSTANT_CONVERSION = YES;
				CLANG_WARN_DIRECT_OBJC_ISA_USAGE = YES_ERROR;
				CLANG_WARN_DOCUMENTATION_COMMENTS = YES;
				CLANG_WARN_EMPTY_BODY = YES;
				CLANG_WARN_ENUM_CONVERSION = YES;
				CLANG_WARN_INFINITE_RECURSION = YES;
				CLANG_WARN_INT_CONVERSION = YES;
				CLANG_WARN_NON_LITERAL_NULL_CONVERSION = YES;
				CLANG_WARN_OBJC_LITERAL_CONVERSION = YES;
				CLANG_WARN_OBJC_ROOT_CLASS = YES_ERROR;
				CLANG_WARN_RANGE_LOOP_ANALYSIS = YES;
				CLANG_WARN_STRICT_PROTOTYPES = YES;
				CLANG_WARN_SUSPICIOUS_MOVE = YES;
				CLANG_WARN_UNGUARDED_AVAILABILITY = YES_AGGRESSIVE;
				CLANG_WARN_UNREACHABLE_CODE = YES;
				CLANG_WARN__DUPLICATE_METHOD_MATCH = YES;
				CODE_SIGN_IDENTITY = "iPhone Developer";
				COPY_PHASE_STRIP = NO;
				DEBUG_INFORMATION_FORMAT = dwarf;
				ENABLE_STRICT_OBJC_MSGSEND = YES;
				ENABLE_TESTABILITY = YES;
				GCC_C_LANGUAGE_STANDARD = gnu11;
				GCC_DYNAMIC_NO_PIC = NO;
				GCC_NO_COMMON_BLOCKS = YES;
				GCC_OPTIMIZATION_LEVEL = 0;
				GCC_PREPROCESSOR_DEFINITIONS = (
					"DEBUG=1",
					"$(inherited)",
				);
				GCC_WARN_64_TO_32_BIT_CONVERSION = YES;
				GCC_WARN_ABOUT_RETURN_TYPE = YES_ERROR;
				GCC_WARN_UNDECLARED_SELECTOR = YES;
				GCC_WARN_UNINITIALIZED_AUTOS = YES_AGGRESSIVE;
				GCC_WARN_UNUSED_FUNCTION = YES;
				GCC_WARN_UNUSED_VARIABLE = YES;
				IPHONEOS_DEPLOYMENT_TARGET = 11.1;
				MTL_ENABLE_DEBUG_INFO = YES;
				ONLY_ACTIVE_ARCH = YES;
				SDKROOT = iphoneos;
				SWIFT_ACTIVE_COMPILATION_CONDITIONS = DEBUG;
				SWIFT_OPTIMIZATION_LEVEL = "-Onone";
			};
			name = Debug;
		};
		444F541B1FCD4CF30057E6C7 /* Release */ = {
			isa = XCBuildConfiguration;
			buildSettings = {
				ALWAYS_SEARCH_USER_PATHS = NO;
				CLANG_ANALYZER_NONNULL = YES;
				CLANG_ANALYZER_NUMBER_OBJECT_CONVERSION = YES_AGGRESSIVE;
				CLANG_CXX_LANGUAGE_STANDARD = "gnu++14";
				CLANG_CXX_LIBRARY = "libc++";
				CLANG_ENABLE_MODULES = YES;
				CLANG_ENABLE_OBJC_ARC = YES;
				CLANG_WARN_BLOCK_CAPTURE_AUTORELEASING = YES;
				CLANG_WARN_BOOL_CONVERSION = YES;
				CLANG_WARN_COMMA = YES;
				CLANG_WARN_CONSTANT_CONVERSION = YES;
				CLANG_WARN_DIRECT_OBJC_ISA_USAGE = YES_ERROR;
				CLANG_WARN_DOCUMENTATION_COMMENTS = YES;
				CLANG_WARN_EMPTY_BODY = YES;
				CLANG_WARN_ENUM_CONVERSION = YES;
				CLANG_WARN_INFINITE_RECURSION = YES;
				CLANG_WARN_INT_CONVERSION = YES;
				CLANG_WARN_NON_LITERAL_NULL_CONVERSION = YES;
				CLANG_WARN_OBJC_LITERAL_CONVERSION = YES;
				CLANG_WARN_OBJC_ROOT_CLASS = YES_ERROR;
				CLANG_WARN_RANGE_LOOP_ANALYSIS = YES;
				CLANG_WARN_STRICT_PROTOTYPES = YES;
				CLANG_WARN_SUSPICIOUS_MOVE = YES;
				CLANG_WARN_UNGUARDED_AVAILABILITY = YES_AGGRESSIVE;
				CLANG_WARN_UNREACHABLE_CODE = YES;
				CLANG_WARN__DUPLICATE_METHOD_MATCH = YES;
				CODE_SIGN_IDENTITY = "iPhone Developer";
				COPY_PHASE_STRIP = NO;
				DEBUG_INFORMATION_FORMAT = "dwarf-with-dsym";
				ENABLE_NS_ASSERTIONS = NO;
				ENABLE_STRICT_OBJC_MSGSEND = YES;
				GCC_C_LANGUAGE_STANDARD = gnu11;
				GCC_NO_COMMON_BLOCKS = YES;
				GCC_WARN_64_TO_32_BIT_CONVERSION = YES;
				GCC_WARN_ABOUT_RETURN_TYPE = YES_ERROR;
				GCC_WARN_UNDECLARED_SELECTOR = YES;
				GCC_WARN_UNINITIALIZED_AUTOS = YES_AGGRESSIVE;
				GCC_WARN_UNUSED_FUNCTION = YES;
				GCC_WARN_UNUSED_VARIABLE = YES;
				IPHONEOS_DEPLOYMENT_TARGET = 11.1;
				MTL_ENABLE_DEBUG_INFO = NO;
				SDKROOT = iphoneos;
				SWIFT_OPTIMIZATION_LEVEL = "-Owholemodule";
				VALIDATE_PRODUCT = YES;
			};
			name = Release;
		};
		444F541D1FCD4CF30057E6C7 /* Debug */ = {
			isa = XCBuildConfiguration;
			buildSettings = {
				ASSETCATALOG_COMPILER_APPICON_NAME = AppIcon;
				CODE_SIGN_STYLE = Automatic;
				INFOPLIST_FILE = ToDoList/Info.plist;
				LD_RUNPATH_SEARCH_PATHS = "$(inherited) @executable_path/Frameworks";
				PRODUCT_BUNDLE_IDENTIFIER = org.ToDoList;
				PRODUCT_NAME = "$(TARGET_NAME)";
				SWIFT_VERSION = 4.0;
				TARGETED_DEVICE_FAMILY = "1,2";
			};
			name = Debug;
		};
		444F541E1FCD4CF30057E6C7 /* Release */ = {
			isa = XCBuildConfiguration;
			buildSettings = {
				ASSETCATALOG_COMPILER_APPICON_NAME = AppIcon;
				CODE_SIGN_STYLE = Automatic;
				INFOPLIST_FILE = ToDoList/Info.plist;
				LD_RUNPATH_SEARCH_PATHS = "$(inherited) @executable_path/Frameworks";
				PRODUCT_BUNDLE_IDENTIFIER = org.ToDoList;
				PRODUCT_NAME = "$(TARGET_NAME)";
				SWIFT_VERSION = 4.0;
				TARGETED_DEVICE_FAMILY = "1,2";
			};
			name = Release;
		};
/* End XCBuildConfiguration section */

/* Begin XCConfigurationList section */
		444F54051FCD4CF30057E6C7 /* Build configuration list for PBXProject "ToDoList" */ = {
			isa = XCConfigurationList;
			buildConfigurations = (
				444F541A1FCD4CF30057E6C7 /* Debug */,
				444F541B1FCD4CF30057E6C7 /* Release */,
			);
			defaultConfigurationIsVisible = 0;
			defaultConfigurationName = Release;
		};
		444F541C1FCD4CF30057E6C7 /* Build configuration list for PBXNativeTarget "ToDoList" */ = {
			isa = XCConfigurationList;
			buildConfigurations = (
				444F541D1FCD4CF30057E6C7 /* Debug */,
				444F541E1FCD4CF30057E6C7 /* Release */,
			);
			defaultConfigurationIsVisible = 0;
			defaultConfigurationName = Release;
		};
/* End XCConfigurationList section */
	};
	rootObject = 444F54021FCD4CF30057E6C7 /* Project object */;
}
